
Microsoft Visual Studio Solution File, Format Version 12.00
# Visual Studio Version 17
VisualStudioVersion = 17.9.34701.34
MinimumVisualStudioVersion = 10.0.40219.1
Project("{9A19103F-16F7-4668-BE54-9A1E7A4F7556}") = "MarkelAPI", "MarkelApi\MarkelAPI.csproj", "{265B91FC-84F0-41B9-A770-5917111F793A}"
EndProject
Project("{9A19103F-16F7-4668-BE54-9A1E7A4F7556}") = "MarkelApiTest", "MarkelApiTestUnit\MarkelApiTest.csproj", "{6D389A74-0D40-4910-B44E-DA8E3005B1D8}"
EndProject
Global
	GlobalSection(SolutionConfigurationPlatforms) = preSolution
		Debug|Any CPU = Debug|Any CPU
		Release|Any CPU = Release|Any CPU
	EndGlobalSection
	GlobalSection(ProjectConfigurationPlatforms) = postSolution
		{265B91FC-84F0-41B9-A770-5917111F793A}.Debug|Any CPU.ActiveCfg = Debug|Any CPU
		{265B91FC-84F0-41B9-A770-5917111F793A}.Debug|Any CPU.Build.0 = Debug|Any CPU
		{265B91FC-84F0-41B9-A770-5917111F793A}.Release|Any CPU.ActiveCfg = Release|Any CPU
		{265B91FC-84F0-41B9-A770-5917111F793A}.Release|Any CPU.Build.0 = Release|Any CPU
		{6D389A74-0D40-4910-B44E-DA8E3005B1D8}.Debug|Any CPU.ActiveCfg = Debug|Any CPU
		{6D389A74-0D40-4910-B44E-DA8E3005B1D8}.Debug|Any CPU.Build.0 = Debug|Any CPU
		{6D389A74-0D40-4910-B44E-DA8E3005B1D8}.Release|Any CPU.ActiveCfg = Release|Any CPU
		{6D389A74-0D40-4910-B44E-DA8E3005B1D8}.Release|Any CPU.Build.0 = Release|Any CPU
	EndGlobalSection
	GlobalSection(SolutionProperties) = preSolution
		HideSolutionNode = FALSE
	EndGlobalSection
	GlobalSection(ExtensibilityGlobals) = postSolution
		SolutionGuid = {84A2D220-1F11-4D91-8942-11D272660E3E}
	EndGlobalSection
EndGlobal
